
Microsoft Visual Studio Solution File, Format Version 12.00
# Visual Studio Version 17
VisualStudioVersion = 17.5.002.0
MinimumVisualStudioVersion = 10.0.40219.1
Project("{9A19103F-16F7-4668-BE54-9A1E7A4F7556}") = "L9, Claudia Mejía 1127224", "L9, Claudia Mejía 1127224.csproj", "{9E5E0CD6-1C42-4474-A664-1BB18B67A7FA}"
EndProject
Global
	GlobalSection(SolutionConfigurationPlatforms) = preSolution
		Debug|Any CPU = Debug|Any CPU
		Release|Any CPU = Release|Any CPU
	EndGlobalSection
	GlobalSection(ProjectConfigurationPlatforms) = postSolution
		{9E5E0CD6-1C42-4474-A664-1BB18B67A7FA}.Debug|Any CPU.ActiveCfg = Debug|Any CPU
		{9E5E0CD6-1C42-4474-A664-1BB18B67A7FA}.Debug|Any CPU.Build.0 = Debug|Any CPU
		{9E5E0CD6-1C42-4474-A664-1BB18B67A7FA}.Release|Any CPU.ActiveCfg = Release|Any CPU
		{9E5E0CD6-1C42-4474-A664-1BB18B67A7FA}.Release|Any CPU.Build.0 = Release|Any CPU
	EndGlobalSection
	GlobalSection(SolutionProperties) = preSolution
		HideSolutionNode = FALSE
	EndGlobalSection
	GlobalSection(ExtensibilityGlobals) = postSolution
		SolutionGuid = {2E5A4914-97DA-4FDD-A015-E821BF44E32F}
	EndGlobalSection
EndGlobal
