
Microsoft Visual Studio Solution File, Format Version 12.00
# Visual Studio Version 17
VisualStudioVersion = 17.5.002.0
MinimumVisualStudioVersion = 10.0.40219.1
Project("{9A19103F-16F7-4668-BE54-9A1E7A4F7556}") = "PROYECTO-1-b", "PROYECTO-1-b.csproj", "{A91DD629-65C1-43D9-9E5A-D9A0553A74D9}"
EndProject
Global
	GlobalSection(SolutionConfigurationPlatforms) = preSolution
		Debug|Any CPU = Debug|Any CPU
		Release|Any CPU = Release|Any CPU
	EndGlobalSection
	GlobalSection(ProjectConfigurationPlatforms) = postSolution
		{A91DD629-65C1-43D9-9E5A-D9A0553A74D9}.Debug|Any CPU.ActiveCfg = Debug|Any CPU
		{A91DD629-65C1-43D9-9E5A-D9A0553A74D9}.Debug|Any CPU.Build.0 = Debug|Any CPU
		{A91DD629-65C1-43D9-9E5A-D9A0553A74D9}.Release|Any CPU.ActiveCfg = Release|Any CPU
		{A91DD629-65C1-43D9-9E5A-D9A0553A74D9}.Release|Any CPU.Build.0 = Release|Any CPU
	EndGlobalSection
	GlobalSection(SolutionProperties) = preSolution
		HideSolutionNode = FALSE
	EndGlobalSection
	GlobalSection(ExtensibilityGlobals) = postSolution
		SolutionGuid = {1893E5A3-49A0-4ACC-9798-2BA9001F3FB3}
	EndGlobalSection
EndGlobal
